
Microsoft Visual Studio Solution File, Format Version 12.00
Project("{FAE04EC0-301F-11D3-BF4B-00C04F79EFBC}") = "ProfilesAPI", "ProfilesAPI\ProfilesAPI.csproj", "{10E5D165-FC50-4CFB-81A5-721EEAFF2203}"
EndProject
Project("{FAE04EC0-301F-11D3-BF4B-00C04F79EFBC}") = "CommunicationModels", "CommunicationModels\CommunicationModels.csproj", "{4EC4C939-2919-4F35-AED9-4F769C861EA9}"
EndProject
Project("{FAE04EC0-301F-11D3-BF4B-00C04F79EFBC}") = "RabbitMqConsumer", "RabbitMqConsumer\RabbitMqConsumer.csproj", "{B19D6DF5-1F1D-4C36-B2E4-5AE003D9850F}"
EndProject
Project("{FAE04EC0-301F-11D3-BF4B-00C04F79EFBC}") = "LoggingAPI", "LoggingAPI\LoggingAPI.csproj", "{27BAA016-12F7-46E2-9F41-C6A11C57CD1F}"
EndProject
Project("{FAE04EC0-301F-11D3-BF4B-00C04F79EFBC}") = "AuthorizationAPI", "AuthorizationAPI\AuthorizationAPI.csproj", "{3C7298CC-64F9-4C21-9F96-6CA5621221A9}"
EndProject
Project("{FAE04EC0-301F-11D3-BF4B-00C04F79EFBC}") = "RabbitMqHostedService", "RabbitMqHostedService\RabbitMqHostedService.csproj", "{E3F0C56B-E2CC-477C-985B-F34B95491D9A}"
EndProject
Project("{FAE04EC0-301F-11D3-BF4B-00C04F79EFBC}") = "OcelotAPI", "OcelotAPI\OcelotAPI.csproj", "{BAD89060-DF46-4BA2-8D60-84E4C1B1E44B}"
EndProject
Project("{FAE04EC0-301F-11D3-BF4B-00C04F79EFBC}") = "ProfilesAPI.Tests", "ProfilesAPI.Tests\ProfilesAPI.Tests.csproj", "{DC914175-36E9-4EF3-985D-416705B30D8A}"
EndProject
Global
	GlobalSection(SolutionConfigurationPlatforms) = preSolution
		Debug|Any CPU = Debug|Any CPU
		Release|Any CPU = Release|Any CPU
	EndGlobalSection
	GlobalSection(ProjectConfigurationPlatforms) = postSolution
		{10E5D165-FC50-4CFB-81A5-721EEAFF2203}.Debug|Any CPU.ActiveCfg = Debug|Any CPU
		{10E5D165-FC50-4CFB-81A5-721EEAFF2203}.Debug|Any CPU.Build.0 = Debug|Any CPU
		{10E5D165-FC50-4CFB-81A5-721EEAFF2203}.Release|Any CPU.ActiveCfg = Release|Any CPU
		{10E5D165-FC50-4CFB-81A5-721EEAFF2203}.Release|Any CPU.Build.0 = Release|Any CPU
		{4EC4C939-2919-4F35-AED9-4F769C861EA9}.Debug|Any CPU.ActiveCfg = Debug|Any CPU
		{4EC4C939-2919-4F35-AED9-4F769C861EA9}.Debug|Any CPU.Build.0 = Debug|Any CPU
		{4EC4C939-2919-4F35-AED9-4F769C861EA9}.Release|Any CPU.ActiveCfg = Release|Any CPU
		{4EC4C939-2919-4F35-AED9-4F769C861EA9}.Release|Any CPU.Build.0 = Release|Any CPU
		{B19D6DF5-1F1D-4C36-B2E4-5AE003D9850F}.Debug|Any CPU.ActiveCfg = Debug|Any CPU
		{B19D6DF5-1F1D-4C36-B2E4-5AE003D9850F}.Debug|Any CPU.Build.0 = Debug|Any CPU
		{B19D6DF5-1F1D-4C36-B2E4-5AE003D9850F}.Release|Any CPU.ActiveCfg = Release|Any CPU
		{B19D6DF5-1F1D-4C36-B2E4-5AE003D9850F}.Release|Any CPU.Build.0 = Release|Any CPU
		{27BAA016-12F7-46E2-9F41-C6A11C57CD1F}.Debug|Any CPU.ActiveCfg = Debug|Any CPU
		{27BAA016-12F7-46E2-9F41-C6A11C57CD1F}.Debug|Any CPU.Build.0 = Debug|Any CPU
		{27BAA016-12F7-46E2-9F41-C6A11C57CD1F}.Release|Any CPU.ActiveCfg = Release|Any CPU
		{27BAA016-12F7-46E2-9F41-C6A11C57CD1F}.Release|Any CPU.Build.0 = Release|Any CPU
		{3C7298CC-64F9-4C21-9F96-6CA5621221A9}.Debug|Any CPU.ActiveCfg = Debug|Any CPU
		{3C7298CC-64F9-4C21-9F96-6CA5621221A9}.Debug|Any CPU.Build.0 = Debug|Any CPU
		{3C7298CC-64F9-4C21-9F96-6CA5621221A9}.Release|Any CPU.ActiveCfg = Release|Any CPU
		{3C7298CC-64F9-4C21-9F96-6CA5621221A9}.Release|Any CPU.Build.0 = Release|Any CPU
		{E3F0C56B-E2CC-477C-985B-F34B95491D9A}.Debug|Any CPU.ActiveCfg = Debug|Any CPU
		{E3F0C56B-E2CC-477C-985B-F34B95491D9A}.Debug|Any CPU.Build.0 = Debug|Any CPU
		{E3F0C56B-E2CC-477C-985B-F34B95491D9A}.Release|Any CPU.ActiveCfg = Release|Any CPU
		{E3F0C56B-E2CC-477C-985B-F34B95491D9A}.Release|Any CPU.Build.0 = Release|Any CPU
		{BAD89060-DF46-4BA2-8D60-84E4C1B1E44B}.Debug|Any CPU.ActiveCfg = Debug|Any CPU
		{BAD89060-DF46-4BA2-8D60-84E4C1B1E44B}.Debug|Any CPU.Build.0 = Debug|Any CPU
		{BAD89060-DF46-4BA2-8D60-84E4C1B1E44B}.Release|Any CPU.ActiveCfg = Release|Any CPU
		{BAD89060-DF46-4BA2-8D60-84E4C1B1E44B}.Release|Any CPU.Build.0 = Release|Any CPU
		{DC914175-36E9-4EF3-985D-416705B30D8A}.Debug|Any CPU.ActiveCfg = Debug|Any CPU
		{DC914175-36E9-4EF3-985D-416705B30D8A}.Debug|Any CPU.Build.0 = Debug|Any CPU
		{DC914175-36E9-4EF3-985D-416705B30D8A}.Release|Any CPU.ActiveCfg = Release|Any CPU
		{DC914175-36E9-4EF3-985D-416705B30D8A}.Release|Any CPU.Build.0 = Release|Any CPU
	EndGlobalSection
EndGlobal
